
Microsoft Visual Studio Solution File, Format Version 12.00
# Visual Studio Version 17
VisualStudioVersion = 17.1.31911.260
MinimumVisualStudioVersion = 10.0.40219.1
Project("{FAE04EC0-301F-11D3-BF4B-00C04F79EFBC}") = "RezoningScraper", "RezoningScraper\RezoningScraper.csproj", "{BC580EAD-1270-43F9-82D6-D66240572A30}"
EndProject
Project("{FAE04EC0-301F-11D3-BF4B-00C04F79EFBC}") = "RezoningScraperTests", "RezoningScraperTests\RezoningScraperTests.csproj", "{CC90C57B-394E-4D45-85A2-1AD0458FD3DB}"
EndProject
Global
	GlobalSection(SolutionConfigurationPlatforms) = preSolution
		Debug|Any CPU = Debug|Any CPU
		Release|Any CPU = Release|Any CPU
	EndGlobalSection
	GlobalSection(ProjectConfigurationPlatforms) = postSolution
		{BC580EAD-1270-43F9-82D6-D66240572A30}.Debug|Any CPU.ActiveCfg = Debug|Any CPU
		{BC580EAD-1270-43F9-82D6-D66240572A30}.Debug|Any CPU.Build.0 = Debug|Any CPU
		{BC580EAD-1270-43F9-82D6-D66240572A30}.Release|Any CPU.ActiveCfg = Release|Any CPU
		{BC580EAD-1270-43F9-82D6-D66240572A30}.Release|Any CPU.Build.0 = Release|Any CPU
		{CC90C57B-394E-4D45-85A2-1AD0458FD3DB}.Debug|Any CPU.ActiveCfg = Debug|Any CPU
		{CC90C57B-394E-4D45-85A2-1AD0458FD3DB}.Debug|Any CPU.Build.0 = Debug|Any CPU
		{CC90C57B-394E-4D45-85A2-1AD0458FD3DB}.Release|Any CPU.ActiveCfg = Release|Any CPU
		{CC90C57B-394E-4D45-85A2-1AD0458FD3DB}.Release|Any CPU.Build.0 = Release|Any CPU
	EndGlobalSection
	GlobalSection(SolutionProperties) = preSolution
		HideSolutionNode = FALSE
	EndGlobalSection
	GlobalSection(ExtensibilityGlobals) = postSolution
		SolutionGuid = {A89EE061-0AE4-4F95-98AA-6CCF2ABFADF3}
	EndGlobalSection
EndGlobal
