
Microsoft Visual Studio Solution File, Format Version 12.00
# Visual Studio 15
VisualStudioVersion = 15.0.26621.2
MinimumVisualStudioVersion = 10.0.40219.1
Project("{9A19103F-16F7-4668-BE54-9A1E7A4F7556}") = "RezoningScraper", "RezoningScraper\RezoningScraper.csproj", "{0F28FB85-B1A6-448E-AD17-351F36E81234}"
EndProject
Project("{FAE04EC0-301F-11D3-BF4B-00C04F79EFBC}") = "RezoningScraperTests", "RezoningScraperTests\RezoningScraperTests.csproj", "{8EDF4429-251A-416D-BB68-93F227191BCF}"
EndProject
Global
	GlobalSection(SolutionConfigurationPlatforms) = preSolution
		Debug|Any CPU = Debug|Any CPU
		Release|Any CPU = Release|Any CPU
	EndGlobalSection
	GlobalSection(ProjectConfigurationPlatforms) = postSolution
		{0F28FB85-B1A6-448E-AD17-351F36E81234}.Debug|Any CPU.ActiveCfg = Debug|Any CPU
		{0F28FB85-B1A6-448E-AD17-351F36E81234}.Debug|Any CPU.Build.0 = Debug|Any CPU
		{0F28FB85-B1A6-448E-AD17-351F36E81234}.Release|Any CPU.ActiveCfg = Release|Any CPU
		{0F28FB85-B1A6-448E-AD17-351F36E81234}.Release|Any CPU.Build.0 = Release|Any CPU
		{8EDF4429-251A-416D-BB68-93F227191BCF}.Debug|Any CPU.ActiveCfg = Debug|Any CPU
		{8EDF4429-251A-416D-BB68-93F227191BCF}.Debug|Any CPU.Build.0 = Debug|Any CPU
		{8EDF4429-251A-416D-BB68-93F227191BCF}.Release|Any CPU.ActiveCfg = Release|Any CPU
		{8EDF4429-251A-416D-BB68-93F227191BCF}.Release|Any CPU.Build.0 = Release|Any CPU
	EndGlobalSection
	GlobalSection(SolutionProperties) = preSolution
		HideSolutionNode = FALSE
	EndGlobalSection
	GlobalSection(ExtensibilityGlobals) = postSolution
		SolutionGuid = {AF40490B-31CD-4372-A85C-F1C265F69E8B}
	EndGlobalSection
EndGlobal
